
Microsoft Visual Studio Solution File, Format Version 12.00
# Visual Studio Version 17
VisualStudioVersion = 17.14.36705.20 d17.14
MinimumVisualStudioVersion = 10.0.40219.1
Project("{FAE04EC0-301F-11D3-BF4B-00C04F79EFBC}") = "PriceTracker", "PriceTracker\PriceTracker.csproj", "{48FCC324-2838-4ED8-AEE1-9988CAD7BD84}"
EndProject
Project("{2150E333-8FDC-42A3-9474-1A3956D46DE8}") = "1. API", "1. API", "{02EA681E-C7D8-13C7-8484-4AC65E1B71E8}"
EndProject
Project("{2150E333-8FDC-42A3-9474-1A3956D46DE8}") = "2. Service", "2. Service", "{3C6BA1C2-919E-4FAA-8C84-C1BDEB6AAD79}"
EndProject
Project("{FAE04EC0-301F-11D3-BF4B-00C04F79EFBC}") = "PriceTracker.Data", "PriceTracker.Data\PriceTracker.Data.csproj", "{E289F918-CBBE-49B6-A2FB-1EB8CE29B8F0}"
EndProject
Project("{2150E333-8FDC-42A3-9474-1A3956D46DE8}") = "3.  Data", "3.  Data", "{E3CCA9CC-7C27-4725-8A2C-0ED6C1D329BC}"
EndProject
Project("{FAE04EC0-301F-11D3-BF4B-00C04F79EFBC}") = "PriceTracker.Service", "PriceTracker.Service\PriceTracker.Service.csproj", "{75C89D89-92E0-415F-8AF5-7DA4D9C18F8B}"
EndProject
Global
	GlobalSection(SolutionConfigurationPlatforms) = preSolution
		Debug|Any CPU = Debug|Any CPU
		Release|Any CPU = Release|Any CPU
	EndGlobalSection
	GlobalSection(ProjectConfigurationPlatforms) = postSolution
		{48FCC324-2838-4ED8-AEE1-9988CAD7BD84}.Debug|Any CPU.ActiveCfg = Debug|Any CPU
		{48FCC324-2838-4ED8-AEE1-9988CAD7BD84}.Debug|Any CPU.Build.0 = Debug|Any CPU
		{48FCC324-2838-4ED8-AEE1-9988CAD7BD84}.Release|Any CPU.ActiveCfg = Release|Any CPU
		{48FCC324-2838-4ED8-AEE1-9988CAD7BD84}.Release|Any CPU.Build.0 = Release|Any CPU
		{E289F918-CBBE-49B6-A2FB-1EB8CE29B8F0}.Debug|Any CPU.ActiveCfg = Debug|Any CPU
		{E289F918-CBBE-49B6-A2FB-1EB8CE29B8F0}.Debug|Any CPU.Build.0 = Debug|Any CPU
		{E289F918-CBBE-49B6-A2FB-1EB8CE29B8F0}.Release|Any CPU.ActiveCfg = Release|Any CPU
		{E289F918-CBBE-49B6-A2FB-1EB8CE29B8F0}.Release|Any CPU.Build.0 = Release|Any CPU
		{75C89D89-92E0-415F-8AF5-7DA4D9C18F8B}.Debug|Any CPU.ActiveCfg = Debug|Any CPU
		{75C89D89-92E0-415F-8AF5-7DA4D9C18F8B}.Debug|Any CPU.Build.0 = Debug|Any CPU
		{75C89D89-92E0-415F-8AF5-7DA4D9C18F8B}.Release|Any CPU.ActiveCfg = Release|Any CPU
		{75C89D89-92E0-415F-8AF5-7DA4D9C18F8B}.Release|Any CPU.Build.0 = Release|Any CPU
	EndGlobalSection
	GlobalSection(SolutionProperties) = preSolution
		HideSolutionNode = FALSE
	EndGlobalSection
	GlobalSection(NestedProjects) = preSolution
		{48FCC324-2838-4ED8-AEE1-9988CAD7BD84} = {02EA681E-C7D8-13C7-8484-4AC65E1B71E8}
		{E289F918-CBBE-49B6-A2FB-1EB8CE29B8F0} = {E3CCA9CC-7C27-4725-8A2C-0ED6C1D329BC}
		{75C89D89-92E0-415F-8AF5-7DA4D9C18F8B} = {3C6BA1C2-919E-4FAA-8C84-C1BDEB6AAD79}
	EndGlobalSection
	GlobalSection(ExtensibilityGlobals) = postSolution
		SolutionGuid = {379095BD-06F6-4B37-8B5D-501BCCFC2705}
	EndGlobalSection
EndGlobal
